# This file is generated by running "yarn install" inside your project.
# Manual changes might be lost - proceed with caution!

__metadata:
  version: 8
  cacheKey: 10

"@socket.io/component-emitter@npm:~3.1.0":
  version: 3.1.0
  resolution: "@socket.io/component-emitter@npm:3.1.0"
  checksum: db069d95425b419de1514dffe945cc439795f6a8ef5b9465715acf5b8b50798e2c91b8719cbf5434b3fe7de179d6cdcd503c277b7871cb3dd03febb69bdd50fa
  languageName: node
  linkType: hard

"@types/body-parser@npm:*":
  version: 1.19.2
  resolution: "@types/body-parser@npm:1.19.2"
  dependencies:
    "@types/connect": "npm:*"
    "@types/node": "npm:*"
  checksum: e17840c7d747a549f00aebe72c89313d09fbc4b632b949b2470c5cb3b1cb73863901ae84d9335b567a79ec5efcfb8a28ff8e3f36bc8748a9686756b6d5681f40
  languageName: node
  linkType: hard

"@types/connect@npm:*":
  version: 3.4.35
  resolution: "@types/connect@npm:3.4.35"
  dependencies:
    "@types/node": "npm:*"
  checksum: fe81351470f2d3165e8b12ce33542eef89ea893e36dd62e8f7d72566dfb7e448376ae962f9f3ea888547ce8b55a40020ca0e01d637fab5d99567673084542641
  languageName: node
  linkType: hard

"@types/cookie@npm:^0.4.1":
  version: 0.4.1
  resolution: "@types/cookie@npm:0.4.1"
  checksum: 427c9220217d3d74f3e5d53d68cd39502f3bbebdb1af4ecf0d05076bcbe9ddab299ad6369fe0f517389296ba4ca49ddf9a8c22f68e5e9eb8ae6d0076cfab90b2
  languageName: node
  linkType: hard

"@types/cors@npm:^2.8.12":
  version: 2.8.12
  resolution: "@types/cors@npm:2.8.12"
  checksum: 8c45f112c7d1d2d831b4b266f2e6ed33a1887a35dcbfe2a18b28370751fababb7cd045e745ef84a523c33a25932678097bf79afaa367c6cb3fa0daa7a6438257
  languageName: node
  linkType: hard

"@types/express-serve-static-core@npm:^4.17.33":
  version: 4.17.35
  resolution: "@types/express-serve-static-core@npm:4.17.35"
  dependencies:
    "@types/node": "npm:*"
    "@types/qs": "npm:*"
    "@types/range-parser": "npm:*"
    "@types/send": "npm:*"
  checksum: 9f08212ac163e9b2a1005d84cc43ace52d5057dfaa009c575eb3f3a659949b9c9cecec0cbff863622871c56e1c604bd67857a5e1d353256eaf9adacec59f87bf
  languageName: node
  linkType: hard

"@types/express@npm:^4.17.14":
  version: 4.17.17
  resolution: "@types/express@npm:4.17.17"
  dependencies:
    "@types/body-parser": "npm:*"
    "@types/express-serve-static-core": "npm:^4.17.33"
    "@types/qs": "npm:*"
    "@types/serve-static": "npm:*"
  checksum: e2959a5fecdc53f8a524891a16e66dfc330ee0519e89c2579893179db686e10cfa6079a68e0fb8fd00eedbcaf3eabfd10916461939f3bc02ef671d848532c37e
  languageName: node
  linkType: hard

"@types/mime@npm:*":
  version: 3.0.1
  resolution: "@types/mime@npm:3.0.1"
  checksum: 4040fac73fd0cea2460e29b348c1a6173da747f3a87da0dbce80dd7a9355a3d0e51d6d9a401654f3e5550620e3718b5a899b2ec1debf18424e298a2c605346e7
  languageName: node
  linkType: hard

"@types/mime@npm:^1":
  version: 1.3.2
  resolution: "@types/mime@npm:1.3.2"
  checksum: 0493368244cced1a69cb791b485a260a422e6fcc857782e1178d1e6f219f1b161793e9f87f5fae1b219af0f50bee24fcbe733a18b4be8fdd07a38a8fb91146fd
  languageName: node
  linkType: hard

"@types/node@npm:*, @types/node@npm:>=10.0.0":
  version: 18.7.20
  resolution: "@types/node@npm:18.7.20"
  checksum: be929e539be36047ed1fcb23fd1329757a0ae851a32c99cfc6b4be19fff724b9ccb180e6b9adc5183108746d229c10190dbabbae988b323a336b3fc00aadcee6
  languageName: node
  linkType: hard

"@types/node@npm:^18.7.20":
  version: 18.16.14
  resolution: "@types/node@npm:18.16.14"
  checksum: 81111939263b7e8ae2bac7bc5e44697628bb2d3f6c6a2ffca09046ede50b2bc79151579b7dac6bf8476c7fb45e4fbabfd8767961d1bd2ef2a98392c26be7220c
  languageName: node
  linkType: hard

"@types/qs@npm:*":
  version: 6.9.7
  resolution: "@types/qs@npm:6.9.7"
  checksum: 7fd6f9c25053e9b5bb6bc9f9f76c1d89e6c04f7707a7ba0e44cc01f17ef5284adb82f230f542c2d5557d69407c9a40f0f3515e8319afd14e1e16b5543ac6cdba
  languageName: node
  linkType: hard

"@types/range-parser@npm:*":
  version: 1.2.4
  resolution: "@types/range-parser@npm:1.2.4"
  checksum: b7c0dfd5080a989d6c8bb0b6750fc0933d9acabeb476da6fe71d8bdf1ab65e37c136169d84148034802f48378ab94e3c37bb4ef7656b2bec2cb9c0f8d4146a95
  languageName: node
  linkType: hard

"@types/send@npm:*":
  version: 0.17.1
  resolution: "@types/send@npm:0.17.1"
  dependencies:
    "@types/mime": "npm:^1"
    "@types/node": "npm:*"
  checksum: 6420837887858f7aa82f2c0272f73edb42385bd0978f43095e83590a405d86c8cc6d918c30b2d542f1d8bddc9f3d16c2e8fdfca936940de71b97c45f228d1896
  languageName: node
  linkType: hard

"@types/serve-static@npm:*":
  version: 1.15.0
  resolution: "@types/serve-static@npm:1.15.0"
  dependencies:
    "@types/mime": "npm:*"
    "@types/node": "npm:*"
  checksum: 5f2f36a8f5970e350c19a2bfac385f0a225e16b5cc9a2441e8b01df32f2f5cb0f2950da53f67579f77c52236b3580909c3fe83d50d64fb56b216ea0a67c1d12b
  languageName: node
  linkType: hard

"accepts@npm:~1.3.4, accepts@npm:~1.3.8":
  version: 1.3.8
  resolution: "accepts@npm:1.3.8"
  dependencies:
    mime-types: "npm:~2.1.34"
    negotiator: "npm:0.6.3"
  checksum: 67eaaa90e2917c58418e7a9b89392002d2b1ccd69bcca4799135d0c632f3b082f23f4ae4ddeedbced5aa59bcc7bdf4699c69ebed4593696c922462b7bc5744d6
  languageName: node
  linkType: hard

"array-flatten@npm:1.1.1":
  version: 1.1.1
  resolution: "array-flatten@npm:1.1.1"
  checksum: e13c9d247241be82f8b4ec71d035ed7204baa82fae820d4db6948d30d3c4a9f2b3905eb2eec2b937d4aa3565200bd3a1c500480114cff649fa748747d2a50feb
  languageName: node
  linkType: hard

"base64id@npm:2.0.0, base64id@npm:~2.0.0":
  version: 2.0.0
  resolution: "base64id@npm:2.0.0"
  checksum: e3312328429e512b0713469c5312f80b447e71592cae0a5bddf3f1adc9c89d1b2ed94156ad7bb9f529398f310df7ff6f3dbe9550735c6a759f247c088ea67364
  languageName: node
  linkType: hard

"body-parser@npm:1.20.1":
  version: 1.20.1
  resolution: "body-parser@npm:1.20.1"
  dependencies:
    bytes: "npm:3.1.2"
    content-type: "npm:~1.0.4"
    debug: "npm:2.6.9"
    depd: "npm:2.0.0"
    destroy: "npm:1.2.0"
    http-errors: "npm:2.0.0"
    iconv-lite: "npm:0.4.24"
    on-finished: "npm:2.4.1"
    qs: "npm:6.11.0"
    raw-body: "npm:2.5.1"
    type-is: "npm:~1.6.18"
    unpipe: "npm:1.0.0"
  checksum: 5f8d128022a2fb8b6e7990d30878a0182f300b70e46b3f9d358a9433ad6275f0de46add6d63206da3637c01c3b38b6111a7480f7e7ac2e9f7b989f6133fe5510
  languageName: node
  linkType: hard

"bytes@npm:3.1.2":
  version: 3.1.2
  resolution: "bytes@npm:3.1.2"
  checksum: a10abf2ba70c784471d6b4f58778c0beeb2b5d405148e66affa91f23a9f13d07603d0a0354667310ae1d6dc141474ffd44e2a074be0f6e2254edb8fc21445388
  languageName: node
  linkType: hard

"call-bind@npm:^1.0.0":
  version: 1.0.2
  resolution: "call-bind@npm:1.0.2"
  dependencies:
    function-bind: "npm:^1.1.1"
    get-intrinsic: "npm:^1.0.2"
  checksum: ca787179c1cbe09e1697b56ad499fd05dc0ae6febe5081d728176ade699ea6b1589240cb1ff1fe11fcf9f61538c1af60ad37e8eb2ceb4ef21cd6085dfd3ccedd
  languageName: node
  linkType: hard

"content-disposition@npm:0.5.4":
  version: 0.5.4
  resolution: "content-disposition@npm:0.5.4"
  dependencies:
    safe-buffer: "npm:5.2.1"
  checksum: b7f4ce176e324f19324be69b05bf6f6e411160ac94bc523b782248129eb1ef3be006f6cff431aaea5e337fe5d176ce8830b8c2a1b721626ead8933f0cbe78720
  languageName: node
  linkType: hard

"content-type@npm:~1.0.4":
  version: 1.0.4
  resolution: "content-type@npm:1.0.4"
  checksum: 5ea85c5293475c0cdf2f84e2c71f0519ced565840fb8cbda35997cb67cc45b879d5b9dbd37760c4041ca7415a3687f8a5f2f87b556b2aaefa49c0f3436a346d4
  languageName: node
  linkType: hard

"cookie-signature@npm:1.0.6":
  version: 1.0.6
  resolution: "cookie-signature@npm:1.0.6"
  checksum: f4e1b0a98a27a0e6e66fd7ea4e4e9d8e038f624058371bf4499cfcd8f3980be9a121486995202ba3fca74fbed93a407d6d54d43a43f96fd28d0bd7a06761591a
  languageName: node
  linkType: hard

"cookie@npm:0.5.0":
  version: 0.5.0
  resolution: "cookie@npm:0.5.0"
  checksum: aae7911ddc5f444a9025fbd979ad1b5d60191011339bce48e555cb83343d0f98b865ff5c4d71fecdfb8555a5cafdc65632f6fce172f32aaf6936830a883a0380
  languageName: node
  linkType: hard

"cookie@npm:~0.4.1":
  version: 0.4.2
  resolution: "cookie@npm:0.4.2"
  checksum: 2e1de9fdedca54881eab3c0477aeb067f281f3155d9cfee9d28dfb252210d09e85e9d175c0a60689661feb9e35e588515352f2456bc1f8e8db4267e05fd70137
  languageName: node
  linkType: hard

"cors@npm:~2.8.5":
  version: 2.8.5
  resolution: "cors@npm:2.8.5"
  dependencies:
    object-assign: "npm:^4"
    vary: "npm:^1"
  checksum: 66e88e08edee7cbce9d92b4d28a2028c88772a4c73e02f143ed8ca76789f9b59444eed6b1c167139e76fa662998c151322720093ba229f9941365ada5a6fc2c6
  languageName: node
  linkType: hard

"debug@npm:2.6.9":
  version: 2.6.9
  resolution: "debug@npm:2.6.9"
  dependencies:
    ms: "npm:2.0.0"
  checksum: e07005f2b40e04f1bd14a3dd20520e9c4f25f60224cb006ce9d6781732c917964e9ec029fc7f1a151083cd929025ad5133814d4dc624a9aaf020effe4914ed14
  languageName: node
  linkType: hard

"debug@npm:~4.3.1, debug@npm:~4.3.2":
  version: 4.3.4
  resolution: "debug@npm:4.3.4"
  dependencies:
    ms: "npm:2.1.2"
  peerDependenciesMeta:
    supports-color:
      optional: true
  checksum: 0073c3bcbd9cb7d71dd5f6b55be8701af42df3e56e911186dfa46fac3a5b9eb7ce7f377dd1d3be6db8977221f8eb333d945216f645cf56f6b688cd484837d255
  languageName: node
  linkType: hard

"depd@npm:2.0.0":
  version: 2.0.0
  resolution: "depd@npm:2.0.0"
  checksum: c0c8ff36079ce5ada64f46cc9d6fd47ebcf38241105b6e0c98f412e8ad91f084bcf906ff644cc3a4bd876ca27a62accb8b0fff72ea6ed1a414b89d8506f4a5ca
  languageName: node
  linkType: hard

"destroy@npm:1.2.0":
  version: 1.2.0
  resolution: "destroy@npm:1.2.0"
  checksum: 0acb300b7478a08b92d810ab229d5afe0d2f4399272045ab22affa0d99dbaf12637659411530a6fcd597a9bdac718fc94373a61a95b4651bbc7b83684a565e38
  languageName: node
  linkType: hard

"ee-first@npm:1.1.1":
  version: 1.1.1
  resolution: "ee-first@npm:1.1.1"
  checksum: 1b4cac778d64ce3b582a7e26b218afe07e207a0f9bfe13cc7395a6d307849cfe361e65033c3251e00c27dd060cab43014c2d6b2647676135e18b77d2d05b3f4f
  languageName: node
  linkType: hard

"encodeurl@npm:~1.0.2":
  version: 1.0.2
  resolution: "encodeurl@npm:1.0.2"
  checksum: e50e3d508cdd9c4565ba72d2012e65038e5d71bdc9198cb125beb6237b5b1ade6c0d343998da9e170fb2eae52c1bed37d4d6d98a46ea423a0cddbed5ac3f780c
  languageName: node
  linkType: hard

"engine.io-parser@npm:~5.0.3":
  version: 5.0.4
  resolution: "engine.io-parser@npm:5.0.4"
  checksum: 98ed4cefed46d9c5796a49fd284e47c7fb94e637128b591eb0e456eb9cd9c1e49d34b4a09deff129cc99f9a7aa4dfa30e811e1f3ad5100a07c19f8dc4428e728
  languageName: node
  linkType: hard

"engine.io@npm:~6.4.1":
  version: 6.4.2
  resolution: "engine.io@npm:6.4.2"
  dependencies:
    "@types/cookie": "npm:^0.4.1"
    "@types/cors": "npm:^2.8.12"
    "@types/node": "npm:>=10.0.0"
    accepts: "npm:~1.3.4"
    base64id: "npm:2.0.0"
    cookie: "npm:~0.4.1"
    cors: "npm:~2.8.5"
    debug: "npm:~4.3.1"
    engine.io-parser: "npm:~5.0.3"
    ws: "npm:~8.11.0"
  checksum: 70b1c16d5118c12f4d9ce39094d0165f8dba973853229fc90cb58a21958c17a3d65a8ff273c05d6fccadca61834366c7a482c08af24fdecae13baf59a1d8c095
  languageName: node
  linkType: hard

"escape-html@npm:~1.0.3":
  version: 1.0.3
  resolution: "escape-html@npm:1.0.3"
  checksum: 6213ca9ae00d0ab8bccb6d8d4e0a98e76237b2410302cf7df70aaa6591d509a2a37ce8998008cbecae8fc8ffaadf3fb0229535e6a145f3ce0b211d060decbb24
  languageName: node
  linkType: hard

"etag@npm:~1.8.1":
  version: 1.8.1
  resolution: "etag@npm:1.8.1"
  checksum: 571aeb3dbe0f2bbd4e4fadbdb44f325fc75335cd5f6f6b6a091e6a06a9f25ed5392f0863c5442acb0646787446e816f13cbfc6edce5b07658541dff573cab1ff
  languageName: node
  linkType: hard

"express@npm:4":
  version: 4.18.2
  resolution: "express@npm:4.18.2"
  dependencies:
    accepts: "npm:~1.3.8"
    array-flatten: "npm:1.1.1"
    body-parser: "npm:1.20.1"
    content-disposition: "npm:0.5.4"
    content-type: "npm:~1.0.4"
    cookie: "npm:0.5.0"
    cookie-signature: "npm:1.0.6"
    debug: "npm:2.6.9"
    depd: "npm:2.0.0"
    encodeurl: "npm:~1.0.2"
    escape-html: "npm:~1.0.3"
    etag: "npm:~1.8.1"
    finalhandler: "npm:1.2.0"
    fresh: "npm:0.5.2"
    http-errors: "npm:2.0.0"
    merge-descriptors: "npm:1.0.1"
    methods: "npm:~1.1.2"
    on-finished: "npm:2.4.1"
    parseurl: "npm:~1.3.3"
    path-to-regexp: "npm:0.1.7"
    proxy-addr: "npm:~2.0.7"
    qs: "npm:6.11.0"
    range-parser: "npm:~1.2.1"
    safe-buffer: "npm:5.2.1"
    send: "npm:0.18.0"
    serve-static: "npm:1.15.0"
    setprototypeof: "npm:1.2.0"
    statuses: "npm:2.0.1"
    type-is: "npm:~1.6.18"
    utils-merge: "npm:1.0.1"
    vary: "npm:~1.1.2"
  checksum: 869ae89ed6ff4bed7b373079dc58e5dddcf2915a2669b36037ff78c99d675ae930e5fe052b35c24f56557d28a023bb1cbe3e2f2fb87eaab96a1cedd7e597809d
  languageName: node
  linkType: hard

"finalhandler@npm:1.2.0":
  version: 1.2.0
  resolution: "finalhandler@npm:1.2.0"
  dependencies:
    debug: "npm:2.6.9"
    encodeurl: "npm:~1.0.2"
    escape-html: "npm:~1.0.3"
    on-finished: "npm:2.4.1"
    parseurl: "npm:~1.3.3"
    statuses: "npm:2.0.1"
    unpipe: "npm:~1.0.0"
  checksum: 635718cb203c6d18e6b48dfbb6c54ccb08ea470e4f474ddcef38c47edcf3227feec316f886dd701235997d8af35240cae49856721ce18f539ad038665ebbf163
  languageName: node
  linkType: hard

"forwarded@npm:0.2.0":
  version: 0.2.0
  resolution: "forwarded@npm:0.2.0"
  checksum: 29ba9fd347117144e97cbb8852baae5e8b2acb7d1b591ef85695ed96f5b933b1804a7fac4a15dd09ca7ac7d0cdc104410e8102aae2dd3faa570a797ba07adb81
  languageName: node
  linkType: hard

"fresh@npm:0.5.2":
  version: 0.5.2
  resolution: "fresh@npm:0.5.2"
  checksum: 64c88e489b5d08e2f29664eb3c79c705ff9a8eb15d3e597198ef76546d4ade295897a44abb0abd2700e7ef784b2e3cbf1161e4fbf16f59129193fd1030d16da1
  languageName: node
  linkType: hard

"function-bind@npm:^1.1.1":
  version: 1.1.1
  resolution: "function-bind@npm:1.1.1"
  checksum: d83f2968030678f0b8c3f2183d63dcd969344eb8b55b4eb826a94ccac6de8b87c95bebffda37a6386c74f152284eb02956ff2c496897f35d32bdc2628ac68ac5
  languageName: node
  linkType: hard

"get-intrinsic@npm:^1.0.2":
  version: 1.1.3
  resolution: "get-intrinsic@npm:1.1.3"
  dependencies:
    function-bind: "npm:^1.1.1"
    has: "npm:^1.0.3"
    has-symbols: "npm:^1.0.3"
  checksum: ab4d7d83d6d08036d197291927442d1c05d5329484f8bdcdf895f5d6ecf158ec99a8ccd9f548bcfe917382ea3b74a423bdf5bee03f5c166359045d2f8a24c7a5
  languageName: node
  linkType: hard

"has-symbols@npm:^1.0.3":
  version: 1.0.3
  resolution: "has-symbols@npm:1.0.3"
  checksum: 464f97a8202a7690dadd026e6d73b1ceeddd60fe6acfd06151106f050303eaa75855aaa94969df8015c11ff7c505f196114d22f7386b4a471038da5874cf5e9b
  languageName: node
  linkType: hard

"has@npm:^1.0.3":
  version: 1.0.3
  resolution: "has@npm:1.0.3"
  dependencies:
    function-bind: "npm:^1.1.1"
  checksum: a449f3185b1d165026e8d25f6a8c3390bd25c201ff4b8c1aaf948fc6a5fcfd6507310b8c00c13a3325795ea9791fcc3d79d61eafa313b5750438fc19183df57b
  languageName: node
  linkType: hard

"http-errors@npm:2.0.0":
  version: 2.0.0
  resolution: "http-errors@npm:2.0.0"
  dependencies:
    depd: "npm:2.0.0"
    inherits: "npm:2.0.4"
    setprototypeof: "npm:1.2.0"
    statuses: "npm:2.0.1"
    toidentifier: "npm:1.0.1"
  checksum: 0e7f76ee8ff8a33e58a3281a469815b893c41357378f408be8f6d4aa7d1efafb0da064625518e7078381b6a92325949b119dc38fcb30bdbc4e3a35f78c44c439
  languageName: node
  linkType: hard

"iconv-lite@npm:0.4.24":
  version: 0.4.24
  resolution: "iconv-lite@npm:0.4.24"
  dependencies:
    safer-buffer: "npm:>= 2.1.2 < 3"
  checksum: 6d3a2dac6e5d1fb126d25645c25c3a1209f70cceecc68b8ef51ae0da3cdc078c151fade7524a30b12a3094926336831fca09c666ef55b37e2c69638b5d6bd2e3
  languageName: node
  linkType: hard

"inherits@npm:2.0.4":
  version: 2.0.4
  resolution: "inherits@npm:2.0.4"
  checksum: cd45e923bee15186c07fa4c89db0aace24824c482fb887b528304694b2aa6ff8a898da8657046a5dcf3e46cd6db6c61629551f9215f208d7c3f157cf9b290521
  languageName: node
  linkType: hard

"ipaddr.js@npm:1.9.1":
  version: 1.9.1
  resolution: "ipaddr.js@npm:1.9.1"
  checksum: 864d0cced0c0832700e9621913a6429ccdc67f37c1bd78fb8c6789fff35c9d167cb329134acad2290497a53336813ab4798d2794fd675d5eb33b5fdf0982b9ca
  languageName: node
  linkType: hard

"kalah@workspace:.":
  version: 0.0.0-use.local
  resolution: "kalah@workspace:."
  dependencies:
    "@types/express": "npm:^4.17.14"
    "@types/node": "npm:^18.7.20"
    express: "npm:4"
    socket.io: "npm:^4.5.2"
    typescript: "npm:^4.8.3"
  languageName: unknown
  linkType: soft

"media-typer@npm:0.3.0":
  version: 0.3.0
  resolution: "media-typer@npm:0.3.0"
  checksum: 38e0984db39139604756903a01397e29e17dcb04207bb3e081412ce725ab17338ecc47220c1b186b6bbe79a658aad1b0d41142884f5a481f36290cdefbe6aa46
  languageName: node
  linkType: hard

"merge-descriptors@npm:1.0.1":
  version: 1.0.1
  resolution: "merge-descriptors@npm:1.0.1"
  checksum: 5abc259d2ae25bb06d19ce2b94a21632583c74e2a9109ee1ba7fd147aa7362b380d971e0251069f8b3eb7d48c21ac839e21fa177b335e82c76ec172e30c31a26
  languageName: node
  linkType: hard

"methods@npm:~1.1.2":
  version: 1.1.2
  resolution: "methods@npm:1.1.2"
  checksum: a385dd974faa34b5dd021b2bbf78c722881bf6f003bfe6d391d7da3ea1ed625d1ff10ddd13c57531f628b3e785be38d3eed10ad03cebd90b76932413df9a1820
  languageName: node
  linkType: hard

"mime-db@npm:1.52.0":
  version: 1.52.0
  resolution: "mime-db@npm:1.52.0"
  checksum: 54bb60bf39e6f8689f6622784e668a3d7f8bed6b0d886f5c3c446cb3284be28b30bf707ed05d0fe44a036f8469976b2629bbea182684977b084de9da274694d7
  languageName: node
  linkType: hard

"mime-types@npm:~2.1.24, mime-types@npm:~2.1.34":
  version: 2.1.35
  resolution: "mime-types@npm:2.1.35"
  dependencies:
    mime-db: "npm:1.52.0"
  checksum: 89aa9651b67644035de2784a6e665fc685d79aba61857e02b9c8758da874a754aed4a9aced9265f5ed1171fd934331e5516b84a7f0218031b6fa0270eca1e51a
  languageName: node
  linkType: hard

"mime@npm:1.6.0":
  version: 1.6.0
  resolution: "mime@npm:1.6.0"
  bin:
    mime: cli.js
  checksum: b7d98bb1e006c0e63e2c91b590fe1163b872abf8f7ef224d53dd31499c2197278a6d3d0864c45239b1a93d22feaf6f9477e9fc847eef945838150b8c02d03170
  languageName: node
  linkType: hard

"ms@npm:2.0.0":
  version: 2.0.0
  resolution: "ms@npm:2.0.0"
  checksum: 0e6a22b8b746d2e0b65a430519934fefd41b6db0682e3477c10f60c76e947c4c0ad06f63ffdf1d78d335f83edee8c0aa928aa66a36c7cd95b69b26f468d527f4
  languageName: node
  linkType: hard

"ms@npm:2.1.2":
  version: 2.1.2
  resolution: "ms@npm:2.1.2"
  checksum: 673cdb2c3133eb050c745908d8ce632ed2c02d85640e2edb3ace856a2266a813b30c613569bf3354fdf4ea7d1a1494add3bfa95e2713baa27d0c2c71fc44f58f
  languageName: node
  linkType: hard

"ms@npm:2.1.3":
  version: 2.1.3
  resolution: "ms@npm:2.1.3"
  checksum: aa92de608021b242401676e35cfa5aa42dd70cbdc082b916da7fb925c542173e36bce97ea3e804923fe92c0ad991434e4a38327e15a1b5b5f945d66df615ae6d
  languageName: node
  linkType: hard

"negotiator@npm:0.6.3":
  version: 0.6.3
  resolution: "negotiator@npm:0.6.3"
  checksum: 2723fb822a17ad55c93a588a4bc44d53b22855bf4be5499916ca0cab1e7165409d0b288ba2577d7b029f10ce18cf2ed8e703e5af31c984e1e2304277ef979837
  languageName: node
  linkType: hard

"object-assign@npm:^4":
  version: 4.1.1
  resolution: "object-assign@npm:4.1.1"
  checksum: fcc6e4ea8c7fe48abfbb552578b1c53e0d194086e2e6bbbf59e0a536381a292f39943c6e9628af05b5528aa5e3318bb30d6b2e53cadaf5b8fe9e12c4b69af23f
  languageName: node
  linkType: hard

"object-inspect@npm:^1.9.0":
  version: 1.12.2
  resolution: "object-inspect@npm:1.12.2"
  checksum: aa11100d45fa919b36448347d4f7c8a78b0247886881db56a2026b512c4042a9749e64894519b00a4db8c6e2b713a965b5ceaa3b59324aeb3da007c54a33bc58
  languageName: node
  linkType: hard

"on-finished@npm:2.4.1":
  version: 2.4.1
  resolution: "on-finished@npm:2.4.1"
  dependencies:
    ee-first: "npm:1.1.1"
  checksum: 8e81472c5028125c8c39044ac4ab8ba51a7cdc19a9fbd4710f5d524a74c6d8c9ded4dd0eed83f28d3d33ac1d7a6a439ba948ccb765ac6ce87f30450a26bfe2ea
  languageName: node
  linkType: hard

"parseurl@npm:~1.3.3":
  version: 1.3.3
  resolution: "parseurl@npm:1.3.3"
  checksum: 407cee8e0a3a4c5cd472559bca8b6a45b82c124e9a4703302326e9ab60fc1081442ada4e02628efef1eb16197ddc7f8822f5a91fd7d7c86b51f530aedb17dfa2
  languageName: node
  linkType: hard

"path-to-regexp@npm:0.1.7":
  version: 0.1.7
  resolution: "path-to-regexp@npm:0.1.7"
  checksum: 701c99e1f08e3400bea4d701cf6f03517474bb1b608da71c78b1eb261415b645c5670dfae49808c89e12cea2dccd113b069f040a80de012da0400191c6dbd1c8
  languageName: node
  linkType: hard

"proxy-addr@npm:~2.0.7":
  version: 2.0.7
  resolution: "proxy-addr@npm:2.0.7"
  dependencies:
    forwarded: "npm:0.2.0"
    ipaddr.js: "npm:1.9.1"
  checksum: f24a0c80af0e75d31e3451398670d73406ec642914da11a2965b80b1898ca6f66a0e3e091a11a4327079b2b268795f6fa06691923fef91887215c3d0e8ea3f68
  languageName: node
  linkType: hard

"qs@npm:6.11.0":
  version: 6.11.0
  resolution: "qs@npm:6.11.0"
  dependencies:
    side-channel: "npm:^1.0.4"
  checksum: 5a3bfea3e2f359ede1bfa5d2f0dbe54001aa55e40e27dc3e60fab814362d83a9b30758db057c2011b6f53a2d4e4e5150194b5bac45372652aecb3e3c0d4b256e
  languageName: node
  linkType: hard

"range-parser@npm:~1.2.1":
  version: 1.2.1
  resolution: "range-parser@npm:1.2.1"
  checksum: ce21ef2a2dd40506893157970dc76e835c78cf56437e26e19189c48d5291e7279314477b06ac38abd6a401b661a6840f7b03bd0b1249da9b691deeaa15872c26
  languageName: node
  linkType: hard

"raw-body@npm:2.5.1":
  version: 2.5.1
  resolution: "raw-body@npm:2.5.1"
  dependencies:
    bytes: "npm:3.1.2"
    http-errors: "npm:2.0.0"
    iconv-lite: "npm:0.4.24"
    unpipe: "npm:1.0.0"
  checksum: 280bedc12db3490ecd06f740bdcf66093a07535374b51331242382c0e130bb273ebb611b7bc4cba1b4b4e016cc7b1f4b05a6df885a6af39c2bc3b94c02291c84
  languageName: node
  linkType: hard

"safe-buffer@npm:5.2.1":
  version: 5.2.1
  resolution: "safe-buffer@npm:5.2.1"
  checksum: 32872cd0ff68a3ddade7a7617b8f4c2ae8764d8b7d884c651b74457967a9e0e886267d3ecc781220629c44a865167b61c375d2da6c720c840ecd73f45d5d9451
  languageName: node
  linkType: hard

"safer-buffer@npm:>= 2.1.2 < 3":
  version: 2.1.2
  resolution: "safer-buffer@npm:2.1.2"
  checksum: 7eaf7a0cf37cc27b42fb3ef6a9b1df6e93a1c6d98c6c6702b02fe262d5fcbd89db63320793b99b21cb5348097d0a53de81bd5f4e8b86e20cc9412e3f1cfb4e83
  languageName: node
  linkType: hard

"send@npm:0.18.0":
  version: 0.18.0
  resolution: "send@npm:0.18.0"
  dependencies:
    debug: "npm:2.6.9"
    depd: "npm:2.0.0"
    destroy: "npm:1.2.0"
    encodeurl: "npm:~1.0.2"
    escape-html: "npm:~1.0.3"
    etag: "npm:~1.8.1"
    fresh: "npm:0.5.2"
    http-errors: "npm:2.0.0"
    mime: "npm:1.6.0"
    ms: "npm:2.1.3"
    on-finished: "npm:2.4.1"
    range-parser: "npm:~1.2.1"
    statuses: "npm:2.0.1"
  checksum: ec66c0ad109680ad8141d507677cfd8b4e40b9559de23191871803ed241718e99026faa46c398dcfb9250676076573bd6bfe5d0ec347f88f4b7b8533d1d391cb
  languageName: node
  linkType: hard

"serve-static@npm:1.15.0":
  version: 1.15.0
  resolution: "serve-static@npm:1.15.0"
  dependencies:
    encodeurl: "npm:~1.0.2"
    escape-html: "npm:~1.0.3"
    parseurl: "npm:~1.3.3"
    send: "npm:0.18.0"
  checksum: 699b2d4c29807a51d9b5e0f24955346911437aebb0178b3c4833ad30d3eca93385ff9927254f5c16da345903cad39d9cd4a532198c95a5129cc4ed43911b15a4
  languageName: node
  linkType: hard

"setprototypeof@npm:1.2.0":
  version: 1.2.0
  resolution: "setprototypeof@npm:1.2.0"
  checksum: fde1630422502fbbc19e6844346778f99d449986b2f9cdcceb8326730d2f3d9964dbcb03c02aaadaefffecd0f2c063315ebea8b3ad895914bf1afc1747fc172e
  languageName: node
  linkType: hard

"side-channel@npm:^1.0.4":
  version: 1.0.4
  resolution: "side-channel@npm:1.0.4"
  dependencies:
    call-bind: "npm:^1.0.0"
    get-intrinsic: "npm:^1.0.2"
    object-inspect: "npm:^1.9.0"
  checksum: c4998d9fc530b0e75a7fd791ad868fdc42846f072734f9080ff55cc8dc7d3899abcda24fd896aa6648c3ab7021b4bb478073eb4f44dfd55bce9714bc1a7c5d45
  languageName: node
  linkType: hard

"socket.io-adapter@npm:~2.5.2":
  version: 2.5.2
  resolution: "socket.io-adapter@npm:2.5.2"
  dependencies:
    ws: "npm:~8.11.0"
  checksum: 08b052d6b487399cdf753ef5cf6941c6da2b8927994580b65dac0918a3a3ab6a6b7906871adc09d53837beb13244e8897bfa670f558c7231ac87ebe995dbc55e
  languageName: node
  linkType: hard

"socket.io-parser@npm:~4.2.1":
  version: 4.2.3
  resolution: "socket.io-parser@npm:4.2.3"
  dependencies:
    "@socket.io/component-emitter": "npm:~3.1.0"
    debug: "npm:~4.3.1"
  checksum: 87c1a8ff80d81cd55f7b181df9b314902c5b020709d53d63493e4506d56b86bd0a8b53d72fbecdeb950cd6fef1107ffcfa3e747636b4572b7a2be8c13fee4dbe
  languageName: node
  linkType: hard

"socket.io@npm:^4.5.2":
  version: 4.6.1
  resolution: "socket.io@npm:4.6.1"
  dependencies:
    accepts: "npm:~1.3.4"
    base64id: "npm:~2.0.0"
    debug: "npm:~4.3.2"
    engine.io: "npm:~6.4.1"
    socket.io-adapter: "npm:~2.5.2"
    socket.io-parser: "npm:~4.2.1"
  checksum: 5388ee122528d19f9adbfc8eb91b92785bd70e5a09b3b605d7e9cc7aa061abd9453724e9a4380e293a1c35f0b8dc1febc5012905f3ec311f9bf219aefd2a7e16
  languageName: node
  linkType: hard

"statuses@npm:2.0.1":
  version: 2.0.1
  resolution: "statuses@npm:2.0.1"
  checksum: 18c7623fdb8f646fb213ca4051be4df7efb3484d4ab662937ca6fbef7ced9b9e12842709872eb3020cc3504b93bde88935c9f6417489627a7786f24f8031cbcb
  languageName: node
  linkType: hard

"toidentifier@npm:1.0.1":
  version: 1.0.1
  resolution: "toidentifier@npm:1.0.1"
  checksum: 952c29e2a85d7123239b5cfdd889a0dde47ab0497f0913d70588f19c53f7e0b5327c95f4651e413c74b785147f9637b17410ac8c846d5d4a20a5a33eb6dc3a45
  languageName: node
  linkType: hard

"type-is@npm:~1.6.18":
  version: 1.6.18
  resolution: "type-is@npm:1.6.18"
  dependencies:
    media-typer: "npm:0.3.0"
    mime-types: "npm:~2.1.24"
  checksum: 0bd9eeae5efd27d98fd63519f999908c009e148039d8e7179a074f105362d4fcc214c38b24f6cda79c87e563cbd12083a4691381ed28559220d4a10c2047bed4
  languageName: node
  linkType: hard

"typescript@npm:^4.8.3":
  version: 4.9.5
  resolution: "typescript@npm:4.9.5"
  bin:
    tsc: bin/tsc
    tsserver: bin/tsserver
  checksum: 458f7220ab11e0fc191514cc41be1707645ec9a8c2d609448a448e18c522cef9646f58728f6811185a4c35613dacdf6c98cf8965c88b3541d0288c47291e4300
  languageName: node
  linkType: hard

"typescript@patch:typescript@npm%3A^4.8.3#optional!builtin<compat/typescript>":
  version: 4.9.5
  resolution: "typescript@patch:typescript@npm%3A4.9.5#optional!builtin<compat/typescript>::version=4.9.5&hash=289587"
  bin:
    tsc: bin/tsc
    tsserver: bin/tsserver
  checksum: 5659316360b5cc2d6f5931b346401fa534107b68b60179cf14970e27978f0936c1d5c46f4b5b8175f8cba0430f522b3ce355b4b724c0ea36ce6c0347fab25afd
  languageName: node
  linkType: hard

"unpipe@npm:1.0.0, unpipe@npm:~1.0.0":
  version: 1.0.0
  resolution: "unpipe@npm:1.0.0"
  checksum: 4fa18d8d8d977c55cb09715385c203197105e10a6d220087ec819f50cb68870f02942244f1017565484237f1f8c5d3cd413631b1ae104d3096f24fdfde1b4aa2
  languageName: node
  linkType: hard

"utils-merge@npm:1.0.1":
  version: 1.0.1
  resolution: "utils-merge@npm:1.0.1"
  checksum: 5d6949693d58cb2e636a84f3ee1c6e7b2f9c16cb1d42d0ecb386d8c025c69e327205aa1c69e2868cc06a01e5e20681fbba55a4e0ed0cce913d60334024eae798
  languageName: node
  linkType: hard

"vary@npm:^1, vary@npm:~1.1.2":
  version: 1.1.2
  resolution: "vary@npm:1.1.2"
  checksum: 31389debef15a480849b8331b220782230b9815a8e0dbb7b9a8369559aed2e9a7800cd904d4371ea74f4c3527db456dc8e7ac5befce5f0d289014dbdf47b2242
  languageName: node
  linkType: hard

"ws@npm:~8.11.0":
  version: 8.11.0
  resolution: "ws@npm:8.11.0"
  peerDependencies:
    bufferutil: ^4.0.1
    utf-8-validate: ^5.0.2
  peerDependenciesMeta:
    bufferutil:
      optional: true
    utf-8-validate:
      optional: true
  checksum: f759ea19e42f6d94727b3d8590693f2d92521a78ec2de5c6064c3356f50d4815d427b7ddb10bf39596cc67d3b18232a1b2dfbc3b6361d4772bdfec69d4c130f4
  languageName: node
  linkType: hard
